
Microsoft Visual Studio Solution File, Format Version 12.00
# Visual Studio 15
VisualStudioVersion = 15.0.27130.2024
MinimumVisualStudioVersion = 10.0.40219.1
Project("{FAE04EC0-301F-11D3-BF4B-00C04F79EFBC}") = "DummyCopy", "DummyCopy\DummyCopy.csproj", "{C988308A-0EC3-48D1-B965-B2DB58B6FB93}"
EndProject
Global
	GlobalSection(SolutionConfigurationPlatforms) = preSolution
		Debug|Any CPU = Debug|Any CPU
		Release|Any CPU = Release|Any CPU
	EndGlobalSection
	GlobalSection(ProjectConfigurationPlatforms) = postSolution
		{C988308A-0EC3-48D1-B965-B2DB58B6FB93}.Debug|Any CPU.ActiveCfg = Debug|Any CPU
		{C988308A-0EC3-48D1-B965-B2DB58B6FB93}.Debug|Any CPU.Build.0 = Debug|Any CPU
		{C988308A-0EC3-48D1-B965-B2DB58B6FB93}.Release|Any CPU.ActiveCfg = Release|Any CPU
		{C988308A-0EC3-48D1-B965-B2DB58B6FB93}.Release|Any CPU.Build.0 = Release|Any CPU
	EndGlobalSection
	GlobalSection(SolutionProperties) = preSolution
		HideSolutionNode = FALSE
	EndGlobalSection
	GlobalSection(ExtensibilityGlobals) = postSolution
		SolutionGuid = {83CB4F20-EB12-46D6-9552-81C5DAA94ABA}
	EndGlobalSection
EndGlobal
